GEM
  remote: https://rubygems.org/
  specs:
    concurrent-ruby (1.3.6)
    ethon (0.15.0)
      ffi (>= 1.15.0)
    eventmachine (1.2.7)
    ffi (1.17.2)
    ffi (1.17.2-arm64-darwin)
    openssl (3.3.2)
    typhoeus (1.5.0)
      ethon (>= 0.9.0, < 0.16.0)
    websocket (1.2.11)
    websocket-eventmachine-base (1.2.0)
      eventmachine (~> 1.0)
      websocket (~> 1.0)
      websocket-native (~> 1.0)
    websocket-eventmachine-client (1.3.0)
      websocket-eventmachine-base (~> 1.0)
    websocket-native (1.0.0)

PLATFORMS
  arm64-darwin-24
  ruby

DEPENDENCIES
  concurrent-ruby
  openssl (~> 3.3)
  typhoeus
  websocket-eventmachine-client

BUNDLED WITH
   2.5.22
